
Microsoft Visual Studio Solution File, Format Version 12.00
Project("{FAE04EC0-301F-11D3-BF4B-00C04F79EFBC}") = "homework1", "homework1\homework1.csproj", "{5A3D7B0A-139C-45AB-B811-ED7C9B5FE479}"
EndProject
Project("{FAE04EC0-301F-11D3-BF4B-00C04F79EFBC}") = "Homework6", "..\..\..\davalebebi\Homeworks\Homework6\Homework6.csproj", "{B2E42F1A-C3A1-42FC-ADB2-AEBBBFF8E8DF}"
EndProject
Global
	GlobalSection(SolutionConfigurationPlatforms) = preSolution
		Debug|Any CPU = Debug|Any CPU
		Release|Any CPU = Release|Any CPU
	EndGlobalSection
	GlobalSection(ProjectConfigurationPlatforms) = postSolution
		{5A3D7B0A-139C-45AB-B811-ED7C9B5FE479}.Debug|Any CPU.ActiveCfg = Debug|Any CPU
		{5A3D7B0A-139C-45AB-B811-ED7C9B5FE479}.Debug|Any CPU.Build.0 = Debug|Any CPU
		{5A3D7B0A-139C-45AB-B811-ED7C9B5FE479}.Release|Any CPU.ActiveCfg = Release|Any CPU
		{5A3D7B0A-139C-45AB-B811-ED7C9B5FE479}.Release|Any CPU.Build.0 = Release|Any CPU
		{B2E42F1A-C3A1-42FC-ADB2-AEBBBFF8E8DF}.Debug|Any CPU.ActiveCfg = Debug|Any CPU
		{B2E42F1A-C3A1-42FC-ADB2-AEBBBFF8E8DF}.Debug|Any CPU.Build.0 = Debug|Any CPU
		{B2E42F1A-C3A1-42FC-ADB2-AEBBBFF8E8DF}.Release|Any CPU.ActiveCfg = Release|Any CPU
		{B2E42F1A-C3A1-42FC-ADB2-AEBBBFF8E8DF}.Release|Any CPU.Build.0 = Release|Any CPU
	EndGlobalSection
EndGlobal
